PODS:
  - AEXML (4.3.0)
  - BrightFutures (6.0.1):
    - Result (~> 3.2.4)
  - Commander (0.8.0)
  - Fuzi (2.2.1)
  - ISO8601 (0.6.0)
  - JetToTheFuture (0.4.0):
    - BrightFutures (~> 6.0)
  - Mockingjay (2.0.1):
    - Mockingjay/Core (= 2.0.1)
    - Mockingjay/XCTest (= 2.0.1)
  - Mockingjay/Core (2.0.1):
    - URITemplate (~> 2.0)
  - Mockingjay/XCTest (2.0.1):
    - Mockingjay/Core
  - OHHTTPStubs/Core (6.2.0)
  - OHHTTPStubs/NSURLSession (6.2.0):
    - OHHTTPStubs/Core
  - PathKit (0.9.2)
  - Result (3.2.4)
  - Stencil (0.13.0):
    - PathKit (~> 0.9.0)
  - Toki (0.12.0):
    - AEXML
    - Fuzi
    - Mockingjay (~> 2.0)
    - OHHTTPStubs/NSURLSession (~> 6.1)
    - WSDL2Swift (>= 0.7)
  - URITemplate (2.0.3)
  - WSDL2Swift (0.9.4):
    - AEXML (~> 4.3.0)
    - BrightFutures (~> 6.0.1)
    - Fuzi (~> 2.2.1)
    - ISO8601
    - Result (~> 3.2.4)
    - Stencil (~> 0.13.0)

DEPENDENCIES:
  - AEXML (<= 4.3.0)
  - Commander (<= 0.8.0)
  - JetToTheFuture (>= 0.4.0-beta.1)
  - Result (<= 3.2.4)
  - Stencil (= 0.13.0)
  - Toki (<= 0.12.0)
  - WSDL2Swift (from `./`)

SPEC REPOS:
  trunk:
    - AEXML
    - BrightFutures
    - Commander
    - Fuzi
    - ISO8601
    - JetToTheFuture
    - Mockingjay
    - OHHTTPStubs
    - PathKit
    - Result
    - Stencil
    - Toki
    - URITemplate

EXTERNAL SOURCES:
  WSDL2Swift:
    :path: "./"

SPEC CHECKSUMS:
  AEXML: bae92c01e0da64132fd72f748721cda07466032b
  BrightFutures: 9c03dab79e73ffe504b7bafc15c5bfdaeee54890
  Commander: 6eda7635b133e239faa85bf75dcab88d6fd63aaa
  Fuzi: 3e6c73359d84a92376763abbaf8ced4d49c0f4ea
  ISO8601: d3ea3ba9b752820cf92c6b47a9ee327e9f0e13fc
  JetToTheFuture: 101355e7403a0001a0bab3303b05b1be58df7cbe
  Mockingjay: 11a621880d2887f1775bdcf824341eb68f218450
  OHHTTPStubs: 9cde8b5c0b8cc5c0f393b5e20c8efb6e05915c63
  PathKit: 273f59a38e3218eb95abd9f6a61730a8bcfd2f06
  Result: d2d07204ce72856f1fd9130bbe42c35a7b0fea10
  Stencil: 0f46117fc081cc506d5c4b5b90cfdfe207945aa9
  Toki: df0859dedbdc0e614c163e1857efba2e4290e25b
  URITemplate: ace0c4c46dcf8afe6e89b4060621852886b15c3b
  WSDL2Swift: 8011fe4f33190b91d10366c9d30d3dee9a3b499b

PODFILE CHECKSUM: b26cdff608d09c49c7063ab846f624702748e76f

COCOAPODS: 1.8.4
